
Microsoft Visual Studio Solution File, Format Version 12.00
# Visual Studio Version 17
VisualStudioVersion = 17.11.35327.3
MinimumVisualStudioVersion = 10.0.40219.1
Project("{FAE04EC0-301F-11D3-BF4B-00C04F79EFBC}") = "Lab7.5_1", "Lab7.5_1.csproj", "{C868D163-1411-4DDF-9186-F6017A95742F}"
EndProject
Global
	GlobalSection(SolutionConfigurationPlatforms) = preSolution
		Debug|Any CPU = Debug|Any CPU
		Release|Any CPU = Release|Any CPU
	EndGlobalSection
	GlobalSection(ProjectConfigurationPlatforms) = postSolution
		{C868D163-1411-4DDF-9186-F6017A95742F}.Debug|Any CPU.ActiveCfg = Debug|Any CPU
		{C868D163-1411-4DDF-9186-F6017A95742F}.Debug|Any CPU.Build.0 = Debug|Any CPU
		{C868D163-1411-4DDF-9186-F6017A95742F}.Release|Any CPU.ActiveCfg = Release|Any CPU
		{C868D163-1411-4DDF-9186-F6017A95742F}.Release|Any CPU.Build.0 = Release|Any CPU
	EndGlobalSection
	GlobalSection(SolutionProperties) = preSolution
		HideSolutionNode = FALSE
	EndGlobalSection
	GlobalSection(ExtensibilityGlobals) = postSolution
		SolutionGuid = {0067791C-AFB3-416A-94BD-ECA03B4C778E}
	EndGlobalSection
EndGlobal
